// !$*UTF8*$!
{
	archiveVersion = 1;
	classes = {
	};
	objectVersion = 55;
	objects = {

/* Begin PBXBuildFile section */
		2141B00927D309C300E8A922 /* woodSound.m4a in Resources */ = {isa = PBXBuildFile; fileRef = 2141B00827D309C300E8A922 /* woodSound.m4a */; };
		2141B00B27D309F800E8A922 /* PlayViewModel.swift in Sources */ = {isa = PBXBuildFile; fileRef = 2141B00A27D309F800E8A922 /* PlayViewModel.swift */; };
		2162F9B8283C231700916774 /* WelcomeView.swift in Sources */ = {isa = PBXBuildFile; fileRef = 2162F9B7283C231700916774 /* WelcomeView.swift */; };
		21B8F37E27C9BFCB00884C08 /* LuckyWoodApp.swift in Sources */ = {isa = PBXBuildFile; fileRef = 21B8F37D27C9BFCB00884C08 /* LuckyWoodApp.swift */; };
		21B8F38027C9BFCB00884C08 /* ContentView.swift in Sources */ = {isa = PBXBuildFile; fileRef = 21B8F37F27C9BFCB00884C08 /* ContentView.swift */; };
		21B8F38227C9BFCC00884C08 /* Assets.xcassets in Resources */ = {isa = PBXBuildFile; fileRef = 21B8F38127C9BFCC00884C08 /* Assets.xcassets */; };
		21B8F38527C9BFCC00884C08 /* Preview Assets.xcassets in Resources */ = {isa = PBXBuildFile; fileRef = 21B8F38427C9BFCC00884C08 /* Preview Assets.xcassets */; };
		21B8F38F27C9BFCC00884C08 /* LuckyWoodTests.swift in Sources */ = {isa = PBXBuildFile; fileRef = 21B8F38E27C9BFCC00884C08 /* LuckyWoodTests.swift */; };
		21B8F39927C9BFCC00884C08 /* LuckyWoodUITests.swift in Sources */ = {isa = PBXBuildFile; fileRef = 21B8F39827C9BFCC00884C08 /* LuckyWoodUITests.swift */; };
		21B8F39B27C9BFCC00884C08 /* LuckyWoodUITestsLaunchTests.swift in Sources */ = {isa = PBXBuildFile; fileRef = 21B8F39A27C9BFCC00884C08 /* LuckyWoodUITestsLaunchTests.swift */; };
/* End PBXBuildFile section */

/* Begin PBXContainerItemProxy section */
		21B8F38B27C9BFCC00884C08 /* PBXContainerItemProxy */ = {
			isa = PBXContainerItemProxy;
			containerPortal = 21B8F37227C9BFCB00884C08 /* Project object */;
			proxyType = 1;
			remoteGlobalIDString = 21B8F37927C9BFCB00884C08;
			remoteInfo = LuckyWood;
		};
		21B8F39527C9BFCC00884C08 /* PBXContainerItemProxy */ = {
			isa = PBXContainerItemProxy;
			containerPortal = 21B8F37227C9BFCB00884C08 /* Project object */;
			proxyType = 1;
			remoteGlobalIDString = 21B8F37927C9BFCB00884C08;
			remoteInfo = LuckyWood;
		};
/* End PBXContainerItemProxy section */

/* Begin PBXFileReference section */
		2141B00827D309C300E8A922 /* woodSound.m4a */ = {isa = PBXFileReference; lastKnownFileType = file; path = woodSound.m4a; sourceTree = "<group>"; };
		2141B00A27D309F800E8A922 /* PlayViewModel.swift */ = {isa = PBXFileReference; lastKnownFileType = sourcecode.swift; path = PlayViewModel.swift; sourceTree = "<group>"; };
		2162F9B7283C231700916774 /* WelcomeView.swift */ = {isa = PBXFileReference; lastKnownFileType = sourcecode.swift; path = WelcomeView.swift; sourceTree = "<group>"; };
		21B8F37A27C9BFCB00884C08 /* LuckyWood.app */ = {isa = PBXFileReference; explicitFileType = wrapper.application; includeInIndex = 0; path = LuckyWood.app; sourceTree = BUILT_PRODUCTS_DIR; };
		21B8F37D27C9BFCB00884C08 /* LuckyWoodApp.swift */ = {isa = PBXFileReference; lastKnownFileType = sourcecode.swift; path = LuckyWoodApp.swift; sourceTree = "<group>"; };
		21B8F37F27C9BFCB00884C08 /* ContentView.swift */ = {isa = PBXFileReference; lastKnownFileType = sourcecode.swift; path = ContentView.swift; sourceTree = "<group>"; };
		21B8F38127C9BFCC00884C08 /* Assets.xcassets */ = {isa = PBXFileReference; lastKnownFileType = folder.assetcatalog; path = Assets.xcassets; sourceTree = "<group>"; };
		21B8F38427C9BFCC00884C08 /* Preview Assets.xcassets */ = {isa = PBXFileReference; lastKnownFileType = folder.assetcatalog; path = "Preview Assets.xcassets"; sourceTree = "<group>"; };
		21B8F38A27C9BFCC00884C08 /* LuckyWoodTests.xctest */ = {isa = PBXFileReference; explicitFileType = wrapper.cfbundle; includeInIndex = 0; path = LuckyWoodTests.xctest; sourceTree = BUILT_PRODUCTS_DIR; };
		21B8F38E27C9BFCC00884C08 /* LuckyWoodTests.swift */ = {isa = PBXFileReference; lastKnownFileType = sourcecode.swift; path = LuckyWoodTests.swift; sourceTree = "<group>"; };
		21B8F39427C9BFCC00884C08 /* LuckyWoodUITests.xctest */ = {isa = PBXFileReference; explicitFileType = wrapper.cfbundle; includeInIndex = 0; path = LuckyWoodUITests.xctest; sourceTree = BUILT_PRODUCTS_DIR; };
		21B8F39827C9BFCC00884C08 /* LuckyWoodUITests.swift */ = {isa = PBXFileReference; lastKnownFileType = sourcecode.swift; path = LuckyWoodUITests.swift; sourceTree = "<group>"; };
		21B8F39A27C9BFCC00884C08 /* LuckyWoodUITestsLaunchTests.swift */ = {isa = PBXFileReference; lastKnownFileType = sourcecode.swift; path = LuckyWoodUITestsLaunchTests.swift; sourceTree = "<group>"; };
		21B8F3A727C9CB0300884C08 /* Info.plist */ = {isa = PBXFileReference; lastKnownFileType = text.plist; path = Info.plist; sourceTree = "<group>"; };
/* End PBXFileReference section */

/* Begin PBXFrameworksBuildPhase section */
		21B8F37727C9BFCB00884C08 /* Frameworks */ = {
			isa = PBXFrameworksBuildPhase;
			buildActionMask = 2147483647;
			files = (
			);
			runOnlyForDeploymentPostprocessing = 0;
		};
		21B8F38727C9BFCC00884C08 /* Frameworks */ = {
			isa = PBXFrameworksBuildPhase;
			buildActionMask = 2147483647;
			files = (
			);
			runOnlyForDeploymentPostprocessing = 0;
		};
		21B8F39127C9BFCC00884C08 /* Frameworks */ = {
			isa = PBXFrameworksBuildPhase;
			buildActionMask = 2147483647;
			files = (
			);
			runOnlyForDeploymentPostprocessing = 0;
		};
/* End PBXFrameworksBuildPhase section */

/* Begin PBXGroup section */
		2141B00627D307E200E8A922 /* Resource */ = {
			isa = PBXGroup;
			children = (
				2141B00727D307E900E8A922 /* Sound */,
			);
			path = Resource;
			sourceTree = "<group>";
		};
		2141B00727D307E900E8A922 /* Sound */ = {
			isa = PBXGroup;
			children = (
				2141B00827D309C300E8A922 /* woodSound.m4a */,
			);
			path = Sound;
			sourceTree = "<group>";
		};
		21B8F37127C9BFCB00884C08 = {
			isa = PBXGroup;
			children = (
				21B8F37C27C9BFCB00884C08 /* LuckyWood */,
				21B8F38D27C9BFCC00884C08 /* LuckyWoodTests */,
				21B8F39727C9BFCC00884C08 /* LuckyWoodUITests */,
				21B8F37B27C9BFCB00884C08 /* Products */,
			);
			sourceTree = "<group>";
		};
		21B8F37B27C9BFCB00884C08 /* Products */ = {
			isa = PBXGroup;
			children = (
				21B8F37A27C9BFCB00884C08 /* LuckyWood.app */,
				21B8F38A27C9BFCC00884C08 /* LuckyWoodTests.xctest */,
				21B8F39427C9BFCC00884C08 /* LuckyWoodUITests.xctest */,
			);
			name = Products;
			sourceTree = "<group>";
		};
		21B8F37C27C9BFCB00884C08 /* LuckyWood */ = {
			isa = PBXGroup;
			children = (
				2141B00627D307E200E8A922 /* Resource */,
				21B8F3A727C9CB0300884C08 /* Info.plist */,
				21B8F37D27C9BFCB00884C08 /* LuckyWoodApp.swift */,
				21B8F37F27C9BFCB00884C08 /* ContentView.swift */,
				2162F9B7283C231700916774 /* WelcomeView.swift */,
				21B8F38127C9BFCC00884C08 /* Assets.xcassets */,
				21B8F38327C9BFCC00884C08 /* Preview Content */,
				2141B00A27D309F800E8A922 /* PlayViewModel.swift */,
			);
			path = LuckyWood;
			sourceTree = "<group>";
		};
		21B8F38327C9BFCC00884C08 /* Preview Content */ = {
			isa = PBXGroup;
			children = (
				21B8F38427C9BFCC00884C08 /* Preview Assets.xcassets */,
			);
			path = "Preview Content";
			sourceTree = "<group>";
		};
		21B8F38D27C9BFCC00884C08 /* LuckyWoodTests */ = {
			isa = PBXGroup;
			children = (
				21B8F38E27C9BFCC00884C08 /* LuckyWoodTests.swift */,
			);
			path = LuckyWoodTests;
			sourceTree = "<group>";
		};
		21B8F39727C9BFCC00884C08 /* LuckyWoodUITests */ = {
			isa = PBXGroup;
			children = (
				21B8F39827C9BFCC00884C08 /* LuckyWoodUITests.swift */,
				21B8F39A27C9BFCC00884C08 /* LuckyWoodUITestsLaunchTests.swift */,
			);
			path = LuckyWoodUITests;
			sourceTree = "<group>";
		};
/* End PBXGroup section */

/* Begin PBXNativeTarget section */
		21B8F37927C9BFCB00884C08 /* LuckyWood */ = {
			isa = PBXNativeTarget;
			buildConfigurationList = 21B8F39E27C9BFCC00884C08 /* Build configuration list for PBXNativeTarget "LuckyWood" */;
			buildPhases = (
				21B8F37627C9BFCB00884C08 /* Sources */,
				21B8F37727C9BFCB00884C08 /* Frameworks */,
				21B8F37827C9BFCB00884C08 /* Resources */,
			);
			buildRules = (
			);
			dependencies = (
			);
			name = LuckyWood;
			productName = LuckyWood;
			productReference = 21B8F37A27C9BFCB00884C08 /* LuckyWood.app */;
			productType = "com.apple.product-type.application";
		};
		21B8F38927C9BFCC00884C08 /* LuckyWoodTests */ = {
			isa = PBXNativeTarget;
			buildConfigurationList = 21B8F3A127C9BFCC00884C08 /* Build configuration list for PBXNativeTarget "LuckyWoodTests" */;
			buildPhases = (
				21B8F38627C9BFCC00884C08 /* Sources */,
				21B8F38727C9BFCC00884C08 /* Frameworks */,
				21B8F38827C9BFCC00884C08 /* Resources */,
			);
			buildRules = (
			);
			dependencies = (
				21B8F38C27C9BFCC00884C08 /* PBXTargetDependency */,
			);
			name = LuckyWoodTests;
			productName = LuckyWoodTests;
			productReference = 21B8F38A27C9BFCC00884C08 /* LuckyWoodTests.xctest */;
			productType = "com.apple.product-type.bundle.unit-test";
		};
		21B8F39327C9BFCC00884C08 /* LuckyWoodUITests */ = {
			isa = PBXNativeTarget;
			buildConfigurationList = 21B8F3A427C9BFCC00884C08 /* Build configuration list for PBXNativeTarget "LuckyWoodUITests" */;
			buildPhases = (
				21B8F39027C9BFCC00884C08 /* Sources */,
				21B8F39127C9BFCC00884C08 /* Frameworks */,
				21B8F39227C9BFCC00884C08 /* Resources */,
			);
			buildRules = (
			);
			dependencies = (
				21B8F39627C9BFCC00884C08 /* PBXTargetDependency */,
			);
			name = LuckyWoodUITests;
			productName = LuckyWoodUITests;
			productReference = 21B8F39427C9BFCC00884C08 /* LuckyWoodUITests.xctest */;
			productType = "com.apple.product-type.bundle.ui-testing";
		};
/* End PBXNativeTarget section */

/* Begin PBXProject section */
		21B8F37227C9BFCB00884C08 /* Project object */ = {
			isa = PBXProject;
			attributes = {
				BuildIndependentTargetsInParallel = 1;
				LastSwiftUpdateCheck = 1320;
				LastUpgradeCheck = 1320;
				TargetAttributes = {
					21B8F37927C9BFCB00884C08 = {
						CreatedOnToolsVersion = 13.2.1;
					};
					21B8F38927C9BFCC00884C08 = {
						CreatedOnToolsVersion = 13.2.1;
						TestTargetID = 21B8F37927C9BFCB00884C08;
					};
					21B8F39327C9BFCC00884C08 = {
						CreatedOnToolsVersion = 13.2.1;
						TestTargetID = 21B8F37927C9BFCB00884C08;
					};
				};
			};
			buildConfigurationList = 21B8F37527C9BFCB00884C08 /* Build configuration list for PBXProject "LuckyWood" */;
			compatibilityVersion = "Xcode 13.0";
			developmentRegion = en;
			hasScannedForEncodings = 0;
			knownRegions = (
				en,
				Base,
			);
			mainGroup = 21B8F37127C9BFCB00884C08;
			productRefGroup = 21B8F37B27C9BFCB00884C08 /* Products */;
			projectDirPath = "";
			projectRoot = "";
			targets = (
				21B8F37927C9BFCB00884C08 /* LuckyWood */,
				21B8F38927C9BFCC00884C08 /* LuckyWoodTests */,
				21B8F39327C9BFCC00884C08 /* LuckyWoodUITests */,
			);
		};
/* End PBXProject section */

/* Begin PBXResourcesBuildPhase section */
		21B8F37827C9BFCB00884C08 /* Resources */ = {
			isa = PBXResourcesBuildPhase;
			buildActionMask = 2147483647;
			files = (
				21B8F38527C9BFCC00884C08 /* Preview Assets.xcassets in Resources */,
				2141B00927D309C300E8A922 /* woodSound.m4a in Resources */,
				21B8F38227C9BFCC00884C08 /* Assets.xcassets in Resources */,
			);
			runOnlyForDeploymentPostprocessing = 0;
		};
		21B8F38827C9BFCC00884C08 /* Resources */ = {
			isa = PBXResourcesBuildPhase;
			buildActionMask = 2147483647;
			files = (
			);
			runOnlyForDeploymentPostprocessing = 0;
		};
		21B8F39227C9BFCC00884C08 /* Resources */ = {
			isa = PBXResourcesBuildPhase;
			buildActionMask = 2147483647;
			files = (
			);
			runOnlyForDeploymentPostprocessing = 0;
		};
/* End PBXResourcesBuildPhase section */

/* Begin PBXSourcesBuildPhase section */
		21B8F37627C9BFCB00884C08 /* Sources */ = {
			isa = PBXSourcesBuildPhase;
			buildActionMask = 2147483647;
			files = (
				2141B00B27D309F800E8A922 /* PlayViewModel.swift in Sources */,
				21B8F38027C9BFCB00884C08 /* ContentView.swift in Sources */,
				21B8F37E27C9BFCB00884C08 /* LuckyWoodApp.swift in Sources */,
				2162F9B8283C231700916774 /* WelcomeView.swift in Sources */,
			);
			runOnlyForDeploymentPostprocessing = 0;
		};
		21B8F38627C9BFCC00884C08 /* Sources */ = {
			isa = PBXSourcesBuildPhase;
			buildActionMask = 2147483647;
			files = (
				21B8F38F27C9BFCC00884C08 /* LuckyWoodTests.swift in Sources */,
			);
			runOnlyForDeploymentPostprocessing = 0;
		};
		21B8F39027C9BFCC00884C08 /* Sources */ = {
			isa = PBXSourcesBuildPhase;
			buildActionMask = 2147483647;
			files = (
				21B8F39B27C9BFCC00884C08 /* LuckyWoodUITestsLaunchTests.swift in Sources */,
				21B8F39927C9BFCC00884C08 /* LuckyWoodUITests.swift in Sources */,
			);
			runOnlyForDeploymentPostprocessing = 0;
		};
/* End PBXSourcesBuildPhase section */

/* Begin PBXTargetDependency section */
		21B8F38C27C9BFCC00884C08 /* PBXTargetDependency */ = {
			isa = PBXTargetDependency;
			target = 21B8F37927C9BFCB00884C08 /* LuckyWood */;
			targetProxy = 21B8F38B27C9BFCC00884C08 /* PBXContainerItemProxy */;
		};
		21B8F39627C9BFCC00884C08 /* PBXTargetDependency */ = {
			isa = PBXTargetDependency;
			target = 21B8F37927C9BFCB00884C08 /* LuckyWood */;
			targetProxy = 21B8F39527C9BFCC00884C08 /* PBXContainerItemProxy */;
		};
/* End PBXTargetDependency section */

/* Begin XCBuildConfiguration section */
		21B8F39C27C9BFCC00884C08 /* Debug */ = {
			isa = XCBuildConfiguration;
			buildSettings = {
				ALWAYS_SEARCH_USER_PATHS = NO;
				CLANG_ANALYZER_NONNULL = YES;
				CLANG_ANALYZER_NUMBER_OBJECT_CONVERSION = YES_AGGRESSIVE;
				CLANG_CXX_LANGUAGE_STANDARD = "gnu++17";
				CLANG_CXX_LIBRARY = "libc++";
				CLANG_ENABLE_MODULES = YES;
				CLANG_ENABLE_OBJC_ARC = YES;
				CLANG_ENABLE_OBJC_WEAK = YES;
				CLANG_WARN_BLOCK_CAPTURE_AUTORELEASING = YES;
				CLANG_WARN_BOOL_CONVERSION = YES;
				CLANG_WARN_COMMA = YES;
				CLANG_WARN_CONSTANT_CONVERSION = YES;
				CLANG_WARN_DEPRECATED_OBJC_IMPLEMENTATIONS = YES;
				CLANG_WARN_DIRECT_OBJC_ISA_USAGE = YES_ERROR;
				CLANG_WARN_DOCUMENTATION_COMMENTS = YES;
				CLANG_WARN_EMPTY_BODY = YES;
				CLANG_WARN_ENUM_CONVERSION = YES;
				CLANG_WARN_INFINITE_RECURSION = YES;
				CLANG_WARN_INT_CONVERSION = YES;
				CLANG_WARN_NON_LITERAL_NULL_CONVERSION = YES;
				CLANG_WARN_OBJC_IMPLICIT_RETAIN_SELF = YES;
				CLANG_WARN_OBJC_LITERAL_CONVERSION = YES;
				CLANG_WARN_OBJC_ROOT_CLASS = YES_ERROR;
				CLANG_WARN_QUOTED_INCLUDE_IN_FRAMEWORK_HEADER = YES;
				CLANG_WARN_RANGE_LOOP_ANALYSIS = YES;
				CLANG_WARN_STRICT_PROTOTYPES = YES;
				CLANG_WARN_SUSPICIOUS_MOVE = YES;
				CLANG_WARN_UNGUARDED_AVAILABILITY = YES_AGGRESSIVE;
				CLANG_WARN_UNREACHABLE_CODE = YES;
				CLANG_WARN__DUPLICATE_METHOD_MATCH = YES;
				COPY_PHASE_STRIP = NO;
				DEBUG_INFORMATION_FORMAT = dwarf;
				ENABLE_STRICT_OBJC_MSGSEND = YES;
				ENABLE_TESTABILITY = YES;
				GCC_C_LANGUAGE_STANDARD = gnu11;
				GCC_DYNAMIC_NO_PIC = NO;
				GCC_NO_COMMON_BLOCKS = YES;
				GCC_OPTIMIZATION_LEVEL = 0;
				GCC_PREPROCESSOR_DEFINITIONS = (
					"DEBUG=1",
					"$(inherited)",
				);
				GCC_WARN_64_TO_32_BIT_CONVERSION = YES;
				GCC_WARN_ABOUT_RETURN_TYPE = YES_ERROR;
				GCC_WARN_UNDECLARED_SELECTOR = YES;
				GCC_WARN_UNINITIALIZED_AUTOS = YES_AGGRESSIVE;
				GCC_WARN_UNUSED_FUNCTION = YES;
				GCC_WARN_UNUSED_VARIABLE = YES;
				IPHONEOS_DEPLOYMENT_TARGET = 15.2;
				MTL_ENABLE_DEBUG_INFO = INCLUDE_SOURCE;
				MTL_FAST_MATH = YES;
				ONLY_ACTIVE_ARCH = YES;
				SDKROOT = iphoneos;
				SWIFT_ACTIVE_COMPILATION_CONDITIONS = DEBUG;
				SWIFT_OPTIMIZATION_LEVEL = "-Onone";
			};
			name = Debug;
		};
		21B8F39D27C9BFCC00884C08 /* Release */ = {
			isa = XCBuildConfiguration;
			buildSettings = {
				ALWAYS_SEARCH_USER_PATHS = NO;
				CLANG_ANALYZER_NONNULL = YES;
				CLANG_ANALYZER_NUMBER_OBJECT_CONVERSION = YES_AGGRESSIVE;
				CLANG_CXX_LANGUAGE_STANDARD = "gnu++17";
				CLANG_CXX_LIBRARY = "libc++";
				CLANG_ENABLE_MODULES = YES;
				CLANG_ENABLE_OBJC_ARC = YES;
				CLANG_ENABLE_OBJC_WEAK = YES;
				CLANG_WARN_BLOCK_CAPTURE_AUTORELEASING = YES;
				CLANG_WARN_BOOL_CONVERSION = YES;
				CLANG_WARN_COMMA = YES;
				CLANG_WARN_CONSTANT_CONVERSION = YES;
				CLANG_WARN_DEPRECATED_OBJC_IMPLEMENTATIONS = YES;
				CLANG_WARN_DIRECT_OBJC_ISA_USAGE = YES_ERROR;
				CLANG_WARN_DOCUMENTATION_COMMENTS = YES;
				CLANG_WARN_EMPTY_BODY = YES;
				CLANG_WARN_ENUM_CONVERSION = YES;
				CLANG_WARN_INFINITE_RECURSION = YES;
				CLANG_WARN_INT_CONVERSION = YES;
				CLANG_WARN_NON_LITERAL_NULL_CONVERSION = YES;
				CLANG_WARN_OBJC_IMPLICIT_RETAIN_SELF = YES;
				CLANG_WARN_OBJC_LITERAL_CONVERSION = YES;
				CLANG_WARN_OBJC_ROOT_CLASS = YES_ERROR;
				CLANG_WARN_QUOTED_INCLUDE_IN_FRAMEWORK_HEADER = YES;
				CLANG_WARN_RANGE_LOOP_ANALYSIS = YES;
				CLANG_WARN_STRICT_PROTOTYPES = YES;
				CLANG_WARN_SUSPICIOUS_MOVE = YES;
				CLANG_WARN_UNGUARDED_AVAILABILITY = YES_AGGRESSIVE;
				CLANG_WARN_UNREACHABLE_CODE = YES;
				CLANG_WARN__DUPLICATE_METHOD_MATCH = YES;
				COPY_PHASE_STRIP = NO;
				DEBUG_INFORMATION_FORMAT = "dwarf-with-dsym";
				ENABLE_NS_ASSERTIONS = NO;
				ENABLE_STRICT_OBJC_MSGSEND = YES;
				GCC_C_LANGUAGE_STANDARD = gnu11;
				GCC_NO_COMMON_BLOCKS = YES;
				GCC_WARN_64_TO_32_BIT_CONVERSION = YES;
				GCC_WARN_ABOUT_RETURN_TYPE = YES_ERROR;
				GCC_WARN_UNDECLARED_SELECTOR = YES;
				GCC_WARN_UNINITIALIZED_AUTOS = YES_AGGRESSIVE;
				GCC_WARN_UNUSED_FUNCTION = YES;
				GCC_WARN_UNUSED_VARIABLE = YES;
				IPHONEOS_DEPLOYMENT_TARGET = 15.2;
				MTL_ENABLE_DEBUG_INFO = NO;
				MTL_FAST_MATH = YES;
				SDKROOT = iphoneos;
				SWIFT_COMPILATION_MODE = wholemodule;
				SWIFT_OPTIMIZATION_LEVEL = "-O";
				VALIDATE_PRODUCT = YES;
			};
			name = Release;
		};
		21B8F39F27C9BFCC00884C08 /* Debug */ = {
			isa = XCBuildConfiguration;
			buildSettings = {
				ASSETCATALOG_COMPILER_APPICON_NAME = AppIcon;
				ASSETCATALOG_COMPILER_GLOBAL_ACCENT_COLOR_NAME = AccentColor;
				CODE_SIGN_STYLE = Automatic;
				CURRENT_PROJECT_VERSION = 1;
				DEVELOPMENT_ASSET_PATHS = "\"LuckyWood/Preview Content\"";
				DEVELOPMENT_TEAM = ZUP7Q36325;
				ENABLE_PREVIEWS = YES;
				GENERATE_INFOPLIST_FILE = YES;
				INFOPLIST_FILE = LuckyWood/Info.plist;
				INFOPLIST_KEY_UIApplicationSceneManifest_Generation = YES;
				INFOPLIST_KEY_UIApplicationSupportsIndirectInputEvents = YES;
				INFOPLIST_KEY_UILaunchScreen_Generation = YES;
				INFOPLIST_KEY_UISupportedInterfaceOrientations_iPad = "UIInterfaceOrientationPortrait UIInterfaceOrientationPortraitUpsideDown UIInterfaceOrientationLandscapeLeft UIInterfaceOrientationLandscapeRight";
				INFOPLIST_KEY_UISupportedInterfaceOrientations_iPhone = "UIInterfaceOrientationPortrait UIInterfaceOrientationLandscapeLeft UIInterfaceOrientationLandscapeRight";
				LD_RUNPATH_SEARCH_PATHS = (
					"$(inherited)",
					"@executable_path/Frameworks",
				);
				MARKETING_VERSION = 1.0;
				PRODUCT_BUNDLE_IDENTIFIER = jc.LuckyWood;
				PRODUCT_NAME = "$(TARGET_NAME)";
				SWIFT_EMIT_LOC_STRINGS = YES;
				SWIFT_VERSION = 5.0;
				TARGETED_DEVICE_FAMILY = "1,2";
			};
			name = Debug;
		};
		21B8F3A027C9BFCC00884C08 /* Release */ = {
			isa = XCBuildConfiguration;
			buildSettings = {
				ASSETCATALOG_COMPILER_APPICON_NAME = AppIcon;
				ASSETCATALOG_COMPILER_GLOBAL_ACCENT_COLOR_NAME = AccentColor;
				CODE_SIGN_STYLE = Automatic;
				CURRENT_PROJECT_VERSION = 1;
				DEVELOPMENT_ASSET_PATHS = "\"LuckyWood/Preview Content\"";
				DEVELOPMENT_TEAM = ZUP7Q36325;
				ENABLE_PREVIEWS = YES;
				GENERATE_INFOPLIST_FILE = YES;
				INFOPLIST_FILE = LuckyWood/Info.plist;
				INFOPLIST_KEY_UIApplicationSceneManifest_Generation = YES;
				INFOPLIST_KEY_UIApplicationSupportsIndirectInputEvents = YES;
				INFOPLIST_KEY_UILaunchScreen_Generation = YES;
				INFOPLIST_KEY_UISupportedInterfaceOrientations_iPad = "UIInterfaceOrientationPortrait UIInterfaceOrientationPortraitUpsideDown UIInterfaceOrientationLandscapeLeft UIInterfaceOrientationLandscapeRight";
				INFOPLIST_KEY_UISupportedInterfaceOrientations_iPhone = "UIInterfaceOrientationPortrait UIInterfaceOrientationLandscapeLeft UIInterfaceOrientationLandscapeRight";
				LD_RUNPATH_SEARCH_PATHS = (
					"$(inherited)",
					"@executable_path/Frameworks",
				);
				MARKETING_VERSION = 1.0;
				PRODUCT_BUNDLE_IDENTIFIER = jc.LuckyWood;
				PRODUCT_NAME = "$(TARGET_NAME)";
				SWIFT_EMIT_LOC_STRINGS = YES;
				SWIFT_VERSION = 5.0;
				TARGETED_DEVICE_FAMILY = "1,2";
			};
			name = Release;
		};
		21B8F3A227C9BFCC00884C08 /* Debug */ = {
			isa = XCBuildConfiguration;
			buildSettings = {
				ALWAYS_EMBED_SWIFT_STANDARD_LIBRARIES = YES;
				BUNDLE_LOADER = "$(TEST_HOST)";
				CODE_SIGN_STYLE = Automatic;
				CURRENT_PROJECT_VERSION = 1;
				DEVELOPMENT_TEAM = ZUP7Q36325;
				GENERATE_INFOPLIST_FILE = YES;
				IPHONEOS_DEPLOYMENT_TARGET = 15.2;
				MARKETING_VERSION = 1.0;
				PRODUCT_BUNDLE_IDENTIFIER = jc.LuckyWoodTests;
				PRODUCT_NAME = "$(TARGET_NAME)";
				SWIFT_EMIT_LOC_STRINGS = NO;
				SWIFT_VERSION = 5.0;
				TARGETED_DEVICE_FAMILY = "1,2";
				TEST_HOST = "$(BUILT_PRODUCTS_DIR)/LuckyWood.app/LuckyWood";
			};
			name = Debug;
		};
		21B8F3A327C9BFCC00884C08 /* Release */ = {
			isa = XCBuildConfiguration;
			buildSettings = {
				ALWAYS_EMBED_SWIFT_STANDARD_LIBRARIES = YES;
				BUNDLE_LOADER = "$(TEST_HOST)";
				CODE_SIGN_STYLE = Automatic;
				CURRENT_PROJECT_VERSION = 1;
				DEVELOPMENT_TEAM = ZUP7Q36325;
				GENERATE_INFOPLIST_FILE = YES;
				IPHONEOS_DEPLOYMENT_TARGET = 15.2;
				MARKETING_VERSION = 1.0;
				PRODUCT_BUNDLE_IDENTIFIER = jc.LuckyWoodTests;
				PRODUCT_NAME = "$(TARGET_NAME)";
				SWIFT_EMIT_LOC_STRINGS = NO;
				SWIFT_VERSION = 5.0;
				TARGETED_DEVICE_FAMILY = "1,2";
				TEST_HOST = "$(BUILT_PRODUCTS_DIR)/LuckyWood.app/LuckyWood";
			};
			name = Release;
		};
		21B8F3A527C9BFCC00884C08 /* Debug */ = {
			isa = XCBuildConfiguration;
			buildSettings = {
				ALWAYS_EMBED_SWIFT_STANDARD_LIBRARIES = YES;
				CODE_SIGN_STYLE = Automatic;
				CURRENT_PROJECT_VERSION = 1;
				DEVELOPMENT_TEAM = ZUP7Q36325;
				GENERATE_INFOPLIST_FILE = YES;
				MARKETING_VERSION = 1.0;
				PRODUCT_BUNDLE_IDENTIFIER = jc.LuckyWoodUITests;
				PRODUCT_NAME = "$(TARGET_NAME)";
				SWIFT_EMIT_LOC_STRINGS = NO;
				SWIFT_VERSION = 5.0;
				TARGETED_DEVICE_FAMILY = "1,2";
				TEST_TARGET_NAME = LuckyWood;
			};
			name = Debug;
		};
		21B8F3A627C9BFCC00884C08 /* Release */ = {
			isa = XCBuildConfiguration;
			buildSettings = {
				ALWAYS_EMBED_SWIFT_STANDARD_LIBRARIES = YES;
				CODE_SIGN_STYLE = Automatic;
				CURRENT_PROJECT_VERSION = 1;
				DEVELOPMENT_TEAM = ZUP7Q36325;
				GENERATE_INFOPLIST_FILE = YES;
				MARKETING_VERSION = 1.0;
				PRODUCT_BUNDLE_IDENTIFIER = jc.LuckyWoodUITests;
				PRODUCT_NAME = "$(TARGET_NAME)";
				SWIFT_EMIT_LOC_STRINGS = NO;
				SWIFT_VERSION = 5.0;
				TARGETED_DEVICE_FAMILY = "1,2";
				TEST_TARGET_NAME = LuckyWood;
			};
			name = Release;
		};
/* End XCBuildConfiguration section */

/* Begin XCConfigurationList section */
		21B8F37527C9BFCB00884C08 /* Build configuration list for PBXProject "LuckyWood" */ = {
			isa = XCConfigurationList;
			buildConfigurations = (
				21B8F39C27C9BFCC00884C08 /* Debug */,
				21B8F39D27C9BFCC00884C08 /* Release */,
			);
			defaultConfigurationIsVisible = 0;
			defaultConfigurationName = Release;
		};
		21B8F39E27C9BFCC00884C08 /* Build configuration list for PBXNativeTarget "LuckyWood" */ = {
			isa = XCConfigurationList;
			buildConfigurations = (
				21B8F39F27C9BFCC00884C08 /* Debug */,
				21B8F3A027C9BFCC00884C08 /* Release */,
			);
			defaultConfigurationIsVisible = 0;
			defaultConfigurationName = Release;
		};
		21B8F3A127C9BFCC00884C08 /* Build configuration list for PBXNativeTarget "LuckyWoodTests" */ = {
			isa = XCConfigurationList;
			buildConfigurations = (
				21B8F3A227C9BFCC00884C08 /* Debug */,
				21B8F3A327C9BFCC00884C08 /* Release */,
			);
			defaultConfigurationIsVisible = 0;
			defaultConfigurationName = Release;
		};
		21B8F3A427C9BFCC00884C08 /* Build configuration list for PBXNativeTarget "LuckyWoodUITests" */ = {
			isa = XCConfigurationList;
			buildConfigurations = (
				21B8F3A527C9BFCC00884C08 /* Debug */,
				21B8F3A627C9BFCC00884C08 /* Release */,
			);
			defaultConfigurationIsVisible = 0;
			defaultConfigurationName = Release;
		};
/* End XCConfigurationList section */
	};
	rootObject = 21B8F37227C9BFCB00884C08 /* Project object */;
}
